
Microsoft Visual Studio Solution File, Format Version 12.00
# Visual Studio Version 17
VisualStudioVersion = 17.7.34202.233
MinimumVisualStudioVersion = 10.0.40219.1
Project("{9A19103F-16F7-4668-BE54-9A1E7A4F7556}") = "firstapp", "firstapp\firstapp.csproj", "{3621E3A5-0992-4A3D-A867-77907C9C1D17}"
EndProject
Project("{9A19103F-16F7-4668-BE54-9A1E7A4F7556}") = "secondapp", "secondapp\secondapp.csproj", "{E1087622-DFBB-4746-A402-E7119450EE24}"
EndProject
Project("{9A19103F-16F7-4668-BE54-9A1E7A4F7556}") = "webapplication", "webapplication\webapplication.csproj", "{FDF0EE7F-D5FE-49BA-8A45-3FB9538AA5CD}"
EndProject
Project("{9A19103F-16F7-4668-BE54-9A1E7A4F7556}") = "classlib", "classlib\classlib.csproj", "{60CC547F-DDDD-47E8-9977-7B03E5929E61}"
EndProject
Project("{2150E333-8FDC-42A3-9474-1A3956D46DE8}") = "empsystem", "empsystem", "{A4873B84-293F-450C-A07D-E252E27F80A4}"
EndProject
Project("{9A19103F-16F7-4668-BE54-9A1E7A4F7556}") = "emplib", "emplib\emplib.csproj", "{C804AB71-4F72-486A-8F7F-D7D573AFFBC0}"
EndProject
Project("{9A19103F-16F7-4668-BE54-9A1E7A4F7556}") = "empconsole", "empconsole\empconsole.csproj", "{CAAE32BA-A585-45B8-98B4-B3EFC593893B}"
EndProject
Project("{2150E333-8FDC-42A3-9474-1A3956D46DE8}") = "pl", "pl", "{9E2DB9BE-D26F-4A24-89D2-7D6B50D5BFCF}"
EndProject
Project("{2150E333-8FDC-42A3-9474-1A3956D46DE8}") = "bl", "bl", "{A0E5DD11-5AA6-4184-AB52-8281F120BBD2}"
EndProject
Project("{9A19103F-16F7-4668-BE54-9A1E7A4F7556}") = "empforms", "empforms\empforms.csproj", "{AFE41428-CD24-44B8-A9A4-AF290FE0A60E}"
EndProject
Project("{9A19103F-16F7-4668-BE54-9A1E7A4F7556}") = "delegates", "delegates\delegates.csproj", "{60285B86-BCE0-4C77-954A-B540399BD431}"
EndProject
Project("{2150E333-8FDC-42A3-9474-1A3956D46DE8}") = "DAL", "DAL", "{A67BC7BC-E2D7-4877-BF3B-33FDC189A8F5}"
EndProject
Project("{9A19103F-16F7-4668-BE54-9A1E7A4F7556}") = "TestDal", "TestDal\TestDal.csproj", "{64C2EFDB-A628-4A9F-AD68-96A52F1049AB}"
EndProject
Project("{9A19103F-16F7-4668-BE54-9A1E7A4F7556}") = "labdal", "labdal\labdal.csproj", "{EFAB87A1-8D3C-4C76-97BA-AFF778929E0B}"
EndProject
Project("{9A19103F-16F7-4668-BE54-9A1E7A4F7556}") = "testdbconsole", "testdbconsole\testdbconsole.csproj", "{4C9E1B24-612F-47A2-9B0F-9776C92DE7F0}"
EndProject
Project("{9A19103F-16F7-4668-BE54-9A1E7A4F7556}") = "DbFirstEF", "DbFirstEF\DbFirstEF.csproj", "{4FAC44C5-DADF-4D5B-8650-6E3408BAF59A}"
EndProject
Project("{9A19103F-16F7-4668-BE54-9A1E7A4F7556}") = "samplewebapp", "samplewebapp\samplewebapp.csproj", "{3340FB09-7278-4952-9305-2D1CD547CC8B}"
EndProject
Project("{9A19103F-16F7-4668-BE54-9A1E7A4F7556}") = "HolidayDal", "HolidayDal\HolidayDal.csproj", "{179427DF-841B-47A3-9C6B-F81F014DBBAD}"
EndProject
Project("{2150E333-8FDC-42A3-9474-1A3956D46DE8}") = "product template", "product template", "{82FBAA4E-843D-450A-A40D-95394DA184D6}"
EndProject
Project("{9A19103F-16F7-4668-BE54-9A1E7A4F7556}") = "Bllib1", "Bllib1\Bllib1.csproj", "{241D3B25-A46F-4C00-9F34-2114028EBBDE}"
EndProject
Project("{9A19103F-16F7-4668-BE54-9A1E7A4F7556}") = "bllib2", "bllib2\bllib2.csproj", "{AF88EB38-45A5-42D1-9D05-ADBDC4DA4759}"
EndProject
Project("{9A19103F-16F7-4668-BE54-9A1E7A4F7556}") = "dallib", "dallib\dallib.csproj", "{349A3AC7-8559-4EDE-9695-1C0B31FB52E8}"
EndProject
Project("{9A19103F-16F7-4668-BE54-9A1E7A4F7556}") = "serviceapi", "serviceapi\serviceapi.csproj", "{B2F1B8B7-24A9-49A6-A8E5-F3FA93F46204}"
EndProject
Project("{9A19103F-16F7-4668-BE54-9A1E7A4F7556}") = "webpl", "webpl\webpl.csproj", "{0776062B-0295-45E8-92CF-2CB240D0E7A2}"
EndProject
Project("{9A19103F-16F7-4668-BE54-9A1E7A4F7556}") = "employeecontroller", "employeecontroller\employeecontroller.csproj", "{C8F4A095-DD11-4033-8B4B-F13796D9628D}"
EndProject
Project("{9A19103F-16F7-4668-BE54-9A1E7A4F7556}") = "Dependencyinjection", "Dependencyinjection\Dependencyinjection.csproj", "{D0F317B7-9F9F-4F2B-BFF2-BE72FEF1AC60}"
EndProject
Project("{9A19103F-16F7-4668-BE54-9A1E7A4F7556}") = "Firstapi", "Firstapi\Firstapi.csproj", "{01BB2796-6D3F-4EE2-80B9-5AFD795A78A5}"
EndProject
Project("{9A19103F-16F7-4668-BE54-9A1E7A4F7556}") = "IndividualAuth", "IndividualAuth\IndividualAuth.csproj", "{80B9310F-7909-44D9-ADD4-35EC65460BA6}"
EndProject
Project("{9A19103F-16F7-4668-BE54-9A1E7A4F7556}") = "windowsauthapi", "windowsauthapi\windowsauthapi.csproj", "{D6A18E45-7C8F-4971-A0C9-1EA4302AEDE8}"
EndProject
Project("{9A19103F-16F7-4668-BE54-9A1E7A4F7556}") = "JWAuth", "JWAuth\JWAuth.csproj", "{8C6F9221-1954-48A1-A74B-15AFD18B4094}"
EndProject
Project("{2150E333-8FDC-42A3-9474-1A3956D46DE8}") = "WebApiClients", "WebApiClients", "{302874C0-E1DF-4020-B3AE-3A42D3007F04}"
EndProject
Project("{9A19103F-16F7-4668-BE54-9A1E7A4F7556}") = "ConsoleClient", "ConsoleClient\ConsoleClient.csproj", "{CE484FF5-1633-40E1-ABAD-2E8DCFE351F8}"
EndProject
Project("{9A19103F-16F7-4668-BE54-9A1E7A4F7556}") = "AsyncAwait", "AsyncAwait\AsyncAwait.csproj", "{370C9626-4A97-4902-8443-1867B49540DC}"
EndProject
Project("{2150E333-8FDC-42A3-9474-1A3956D46DE8}") = "NewFolder1", "NewFolder1", "{E8B80450-1371-4141-BFAF-7FC0D8AF01F1}"
EndProject
Project("{FAE04EC0-301F-11D3-BF4B-00C04F79EFBC}") = "qaAutomationTraining", "qaAutomationTraining\qaAutomationTraining.csproj", "{7DC08F2A-9452-4F3C-B057-51FD77ED4DCC}"
EndProject
Global
	GlobalSection(SolutionConfigurationPlatforms) = preSolution
		Debug|Any CPU = Debug|Any CPU
		Release|Any CPU = Release|Any CPU
	EndGlobalSection
	GlobalSection(ProjectConfigurationPlatforms) = postSolution
		{3621E3A5-0992-4A3D-A867-77907C9C1D17}.Debug|Any CPU.ActiveCfg = Debug|Any CPU
		{3621E3A5-0992-4A3D-A867-77907C9C1D17}.Debug|Any CPU.Build.0 = Debug|Any CPU
		{3621E3A5-0992-4A3D-A867-77907C9C1D17}.Release|Any CPU.ActiveCfg = Release|Any CPU
		{3621E3A5-0992-4A3D-A867-77907C9C1D17}.Release|Any CPU.Build.0 = Release|Any CPU
		{E1087622-DFBB-4746-A402-E7119450EE24}.Debug|Any CPU.ActiveCfg = Debug|Any CPU
		{E1087622-DFBB-4746-A402-E7119450EE24}.Debug|Any CPU.Build.0 = Debug|Any CPU
		{E1087622-DFBB-4746-A402-E7119450EE24}.Release|Any CPU.ActiveCfg = Release|Any CPU
		{E1087622-DFBB-4746-A402-E7119450EE24}.Release|Any CPU.Build.0 = Release|Any CPU
		{FDF0EE7F-D5FE-49BA-8A45-3FB9538AA5CD}.Debug|Any CPU.ActiveCfg = Debug|Any CPU
		{FDF0EE7F-D5FE-49BA-8A45-3FB9538AA5CD}.Debug|Any CPU.Build.0 = Debug|Any CPU
		{FDF0EE7F-D5FE-49BA-8A45-3FB9538AA5CD}.Release|Any CPU.ActiveCfg = Release|Any CPU
		{FDF0EE7F-D5FE-49BA-8A45-3FB9538AA5CD}.Release|Any CPU.Build.0 = Release|Any CPU
		{60CC547F-DDDD-47E8-9977-7B03E5929E61}.Debug|Any CPU.ActiveCfg = Debug|Any CPU
		{60CC547F-DDDD-47E8-9977-7B03E5929E61}.Debug|Any CPU.Build.0 = Debug|Any CPU
		{60CC547F-DDDD-47E8-9977-7B03E5929E61}.Release|Any CPU.ActiveCfg = Release|Any CPU
		{60CC547F-DDDD-47E8-9977-7B03E5929E61}.Release|Any CPU.Build.0 = Release|Any CPU
		{C804AB71-4F72-486A-8F7F-D7D573AFFBC0}.Debug|Any CPU.ActiveCfg = Debug|Any CPU
		{C804AB71-4F72-486A-8F7F-D7D573AFFBC0}.Debug|Any CPU.Build.0 = Debug|Any CPU
		{C804AB71-4F72-486A-8F7F-D7D573AFFBC0}.Release|Any CPU.ActiveCfg = Release|Any CPU
		{C804AB71-4F72-486A-8F7F-D7D573AFFBC0}.Release|Any CPU.Build.0 = Release|Any CPU
		{CAAE32BA-A585-45B8-98B4-B3EFC593893B}.Debug|Any CPU.ActiveCfg = Debug|Any CPU
		{CAAE32BA-A585-45B8-98B4-B3EFC593893B}.Debug|Any CPU.Build.0 = Debug|Any CPU
		{CAAE32BA-A585-45B8-98B4-B3EFC593893B}.Release|Any CPU.ActiveCfg = Release|Any CPU
		{CAAE32BA-A585-45B8-98B4-B3EFC593893B}.Release|Any CPU.Build.0 = Release|Any CPU
		{AFE41428-CD24-44B8-A9A4-AF290FE0A60E}.Debug|Any CPU.ActiveCfg = Debug|Any CPU
		{AFE41428-CD24-44B8-A9A4-AF290FE0A60E}.Debug|Any CPU.Build.0 = Debug|Any CPU
		{AFE41428-CD24-44B8-A9A4-AF290FE0A60E}.Release|Any CPU.ActiveCfg = Release|Any CPU
		{AFE41428-CD24-44B8-A9A4-AF290FE0A60E}.Release|Any CPU.Build.0 = Release|Any CPU
		{60285B86-BCE0-4C77-954A-B540399BD431}.Debug|Any CPU.ActiveCfg = Debug|Any CPU
		{60285B86-BCE0-4C77-954A-B540399BD431}.Debug|Any CPU.Build.0 = Debug|Any CPU
		{60285B86-BCE0-4C77-954A-B540399BD431}.Release|Any CPU.ActiveCfg = Release|Any CPU
		{60285B86-BCE0-4C77-954A-B540399BD431}.Release|Any CPU.Build.0 = Release|Any CPU
		{64C2EFDB-A628-4A9F-AD68-96A52F1049AB}.Debug|Any CPU.ActiveCfg = Debug|Any CPU
		{64C2EFDB-A628-4A9F-AD68-96A52F1049AB}.Debug|Any CPU.Build.0 = Debug|Any CPU
		{64C2EFDB-A628-4A9F-AD68-96A52F1049AB}.Release|Any CPU.ActiveCfg = Release|Any CPU
		{64C2EFDB-A628-4A9F-AD68-96A52F1049AB}.Release|Any CPU.Build.0 = Release|Any CPU
		{EFAB87A1-8D3C-4C76-97BA-AFF778929E0B}.Debug|Any CPU.ActiveCfg = Debug|Any CPU
		{EFAB87A1-8D3C-4C76-97BA-AFF778929E0B}.Debug|Any CPU.Build.0 = Debug|Any CPU
		{EFAB87A1-8D3C-4C76-97BA-AFF778929E0B}.Release|Any CPU.ActiveCfg = Release|Any CPU
		{EFAB87A1-8D3C-4C76-97BA-AFF778929E0B}.Release|Any CPU.Build.0 = Release|Any CPU
		{4C9E1B24-612F-47A2-9B0F-9776C92DE7F0}.Debug|Any CPU.ActiveCfg = Debug|Any CPU
		{4C9E1B24-612F-47A2-9B0F-9776C92DE7F0}.Debug|Any CPU.Build.0 = Debug|Any CPU
		{4C9E1B24-612F-47A2-9B0F-9776C92DE7F0}.Release|Any CPU.ActiveCfg = Release|Any CPU
		{4C9E1B24-612F-47A2-9B0F-9776C92DE7F0}.Release|Any CPU.Build.0 = Release|Any CPU
		{4FAC44C5-DADF-4D5B-8650-6E3408BAF59A}.Debug|Any CPU.ActiveCfg = Debug|Any CPU
		{4FAC44C5-DADF-4D5B-8650-6E3408BAF59A}.Debug|Any CPU.Build.0 = Debug|Any CPU
		{4FAC44C5-DADF-4D5B-8650-6E3408BAF59A}.Release|Any CPU.ActiveCfg = Release|Any CPU
		{4FAC44C5-DADF-4D5B-8650-6E3408BAF59A}.Release|Any CPU.Build.0 = Release|Any CPU
		{3340FB09-7278-4952-9305-2D1CD547CC8B}.Debug|Any CPU.ActiveCfg = Debug|Any CPU
		{3340FB09-7278-4952-9305-2D1CD547CC8B}.Debug|Any CPU.Build.0 = Debug|Any CPU
		{3340FB09-7278-4952-9305-2D1CD547CC8B}.Release|Any CPU.ActiveCfg = Release|Any CPU
		{3340FB09-7278-4952-9305-2D1CD547CC8B}.Release|Any CPU.Build.0 = Release|Any CPU
		{179427DF-841B-47A3-9C6B-F81F014DBBAD}.Debug|Any CPU.ActiveCfg = Debug|Any CPU
		{179427DF-841B-47A3-9C6B-F81F014DBBAD}.Debug|Any CPU.Build.0 = Debug|Any CPU
		{179427DF-841B-47A3-9C6B-F81F014DBBAD}.Release|Any CPU.ActiveCfg = Release|Any CPU
		{179427DF-841B-47A3-9C6B-F81F014DBBAD}.Release|Any CPU.Build.0 = Release|Any CPU
		{241D3B25-A46F-4C00-9F34-2114028EBBDE}.Debug|Any CPU.ActiveCfg = Debug|Any CPU
		{241D3B25-A46F-4C00-9F34-2114028EBBDE}.Debug|Any CPU.Build.0 = Debug|Any CPU
		{241D3B25-A46F-4C00-9F34-2114028EBBDE}.Release|Any CPU.ActiveCfg = Release|Any CPU
		{241D3B25-A46F-4C00-9F34-2114028EBBDE}.Release|Any CPU.Build.0 = Release|Any CPU
		{AF88EB38-45A5-42D1-9D05-ADBDC4DA4759}.Debug|Any CPU.ActiveCfg = Debug|Any CPU
		{AF88EB38-45A5-42D1-9D05-ADBDC4DA4759}.Debug|Any CPU.Build.0 = Debug|Any CPU
		{AF88EB38-45A5-42D1-9D05-ADBDC4DA4759}.Release|Any CPU.ActiveCfg = Release|Any CPU
		{AF88EB38-45A5-42D1-9D05-ADBDC4DA4759}.Release|Any CPU.Build.0 = Release|Any CPU
		{349A3AC7-8559-4EDE-9695-1C0B31FB52E8}.Debug|Any CPU.ActiveCfg = Debug|Any CPU
		{349A3AC7-8559-4EDE-9695-1C0B31FB52E8}.Debug|Any CPU.Build.0 = Debug|Any CPU
		{349A3AC7-8559-4EDE-9695-1C0B31FB52E8}.Release|Any CPU.ActiveCfg = Release|Any CPU
		{349A3AC7-8559-4EDE-9695-1C0B31FB52E8}.Release|Any CPU.Build.0 = Release|Any CPU
		{B2F1B8B7-24A9-49A6-A8E5-F3FA93F46204}.Debug|Any CPU.ActiveCfg = Debug|Any CPU
		{B2F1B8B7-24A9-49A6-A8E5-F3FA93F46204}.Debug|Any CPU.Build.0 = Debug|Any CPU
		{B2F1B8B7-24A9-49A6-A8E5-F3FA93F46204}.Release|Any CPU.ActiveCfg = Release|Any CPU
		{B2F1B8B7-24A9-49A6-A8E5-F3FA93F46204}.Release|Any CPU.Build.0 = Release|Any CPU
		{0776062B-0295-45E8-92CF-2CB240D0E7A2}.Debug|Any CPU.ActiveCfg = Debug|Any CPU
		{0776062B-0295-45E8-92CF-2CB240D0E7A2}.Debug|Any CPU.Build.0 = Debug|Any CPU
		{0776062B-0295-45E8-92CF-2CB240D0E7A2}.Release|Any CPU.ActiveCfg = Release|Any CPU
		{0776062B-0295-45E8-92CF-2CB240D0E7A2}.Release|Any CPU.Build.0 = Release|Any CPU
		{C8F4A095-DD11-4033-8B4B-F13796D9628D}.Debug|Any CPU.ActiveCfg = Debug|Any CPU
		{C8F4A095-DD11-4033-8B4B-F13796D9628D}.Debug|Any CPU.Build.0 = Debug|Any CPU
		{C8F4A095-DD11-4033-8B4B-F13796D9628D}.Release|Any CPU.ActiveCfg = Release|Any CPU
		{C8F4A095-DD11-4033-8B4B-F13796D9628D}.Release|Any CPU.Build.0 = Release|Any CPU
		{D0F317B7-9F9F-4F2B-BFF2-BE72FEF1AC60}.Debug|Any CPU.ActiveCfg = Debug|Any CPU
		{D0F317B7-9F9F-4F2B-BFF2-BE72FEF1AC60}.Debug|Any CPU.Build.0 = Debug|Any CPU
		{D0F317B7-9F9F-4F2B-BFF2-BE72FEF1AC60}.Release|Any CPU.ActiveCfg = Release|Any CPU
		{D0F317B7-9F9F-4F2B-BFF2-BE72FEF1AC60}.Release|Any CPU.Build.0 = Release|Any CPU
		{01BB2796-6D3F-4EE2-80B9-5AFD795A78A5}.Debug|Any CPU.ActiveCfg = Debug|Any CPU
		{01BB2796-6D3F-4EE2-80B9-5AFD795A78A5}.Debug|Any CPU.Build.0 = Debug|Any CPU
		{01BB2796-6D3F-4EE2-80B9-5AFD795A78A5}.Release|Any CPU.ActiveCfg = Release|Any CPU
		{01BB2796-6D3F-4EE2-80B9-5AFD795A78A5}.Release|Any CPU.Build.0 = Release|Any CPU
		{80B9310F-7909-44D9-ADD4-35EC65460BA6}.Debug|Any CPU.ActiveCfg = Debug|Any CPU
		{80B9310F-7909-44D9-ADD4-35EC65460BA6}.Debug|Any CPU.Build.0 = Debug|Any CPU
		{80B9310F-7909-44D9-ADD4-35EC65460BA6}.Release|Any CPU.ActiveCfg = Release|Any CPU
		{80B9310F-7909-44D9-ADD4-35EC65460BA6}.Release|Any CPU.Build.0 = Release|Any CPU
		{D6A18E45-7C8F-4971-A0C9-1EA4302AEDE8}.Debug|Any CPU.ActiveCfg = Debug|Any CPU
		{D6A18E45-7C8F-4971-A0C9-1EA4302AEDE8}.Debug|Any CPU.Build.0 = Debug|Any CPU
		{D6A18E45-7C8F-4971-A0C9-1EA4302AEDE8}.Release|Any CPU.ActiveCfg = Release|Any CPU
		{D6A18E45-7C8F-4971-A0C9-1EA4302AEDE8}.Release|Any CPU.Build.0 = Release|Any CPU
		{8C6F9221-1954-48A1-A74B-15AFD18B4094}.Debug|Any CPU.ActiveCfg = Debug|Any CPU
		{8C6F9221-1954-48A1-A74B-15AFD18B4094}.Debug|Any CPU.Build.0 = Debug|Any CPU
		{8C6F9221-1954-48A1-A74B-15AFD18B4094}.Release|Any CPU.ActiveCfg = Release|Any CPU
		{8C6F9221-1954-48A1-A74B-15AFD18B4094}.Release|Any CPU.Build.0 = Release|Any CPU
		{CE484FF5-1633-40E1-ABAD-2E8DCFE351F8}.Debug|Any CPU.ActiveCfg = Debug|Any CPU
		{CE484FF5-1633-40E1-ABAD-2E8DCFE351F8}.Debug|Any CPU.Build.0 = Debug|Any CPU
		{CE484FF5-1633-40E1-ABAD-2E8DCFE351F8}.Release|Any CPU.ActiveCfg = Release|Any CPU
		{CE484FF5-1633-40E1-ABAD-2E8DCFE351F8}.Release|Any CPU.Build.0 = Release|Any CPU
		{370C9626-4A97-4902-8443-1867B49540DC}.Debug|Any CPU.ActiveCfg = Debug|Any CPU
		{370C9626-4A97-4902-8443-1867B49540DC}.Debug|Any CPU.Build.0 = Debug|Any CPU
		{370C9626-4A97-4902-8443-1867B49540DC}.Release|Any CPU.ActiveCfg = Release|Any CPU
		{370C9626-4A97-4902-8443-1867B49540DC}.Release|Any CPU.Build.0 = Release|Any CPU
		{7DC08F2A-9452-4F3C-B057-51FD77ED4DCC}.Debug|Any CPU.ActiveCfg = Debug|Any CPU
		{7DC08F2A-9452-4F3C-B057-51FD77ED4DCC}.Debug|Any CPU.Build.0 = Debug|Any CPU
		{7DC08F2A-9452-4F3C-B057-51FD77ED4DCC}.Release|Any CPU.ActiveCfg = Release|Any CPU
		{7DC08F2A-9452-4F3C-B057-51FD77ED4DCC}.Release|Any CPU.Build.0 = Release|Any CPU
	EndGlobalSection
	GlobalSection(SolutionProperties) = preSolution
		HideSolutionNode = FALSE
	EndGlobalSection
	GlobalSection(NestedProjects) = preSolution
		{C804AB71-4F72-486A-8F7F-D7D573AFFBC0} = {A0E5DD11-5AA6-4184-AB52-8281F120BBD2}
		{CAAE32BA-A585-45B8-98B4-B3EFC593893B} = {9E2DB9BE-D26F-4A24-89D2-7D6B50D5BFCF}
		{9E2DB9BE-D26F-4A24-89D2-7D6B50D5BFCF} = {A4873B84-293F-450C-A07D-E252E27F80A4}
		{A0E5DD11-5AA6-4184-AB52-8281F120BBD2} = {A4873B84-293F-450C-A07D-E252E27F80A4}
		{AFE41428-CD24-44B8-A9A4-AF290FE0A60E} = {9E2DB9BE-D26F-4A24-89D2-7D6B50D5BFCF}
		{A67BC7BC-E2D7-4877-BF3B-33FDC189A8F5} = {A4873B84-293F-450C-A07D-E252E27F80A4}
		{64C2EFDB-A628-4A9F-AD68-96A52F1049AB} = {A67BC7BC-E2D7-4877-BF3B-33FDC189A8F5}
		{EFAB87A1-8D3C-4C76-97BA-AFF778929E0B} = {A67BC7BC-E2D7-4877-BF3B-33FDC189A8F5}
		{4C9E1B24-612F-47A2-9B0F-9776C92DE7F0} = {9E2DB9BE-D26F-4A24-89D2-7D6B50D5BFCF}
		{4FAC44C5-DADF-4D5B-8650-6E3408BAF59A} = {A67BC7BC-E2D7-4877-BF3B-33FDC189A8F5}
		{179427DF-841B-47A3-9C6B-F81F014DBBAD} = {A67BC7BC-E2D7-4877-BF3B-33FDC189A8F5}
		{241D3B25-A46F-4C00-9F34-2114028EBBDE} = {82FBAA4E-843D-450A-A40D-95394DA184D6}
		{AF88EB38-45A5-42D1-9D05-ADBDC4DA4759} = {82FBAA4E-843D-450A-A40D-95394DA184D6}
		{349A3AC7-8559-4EDE-9695-1C0B31FB52E8} = {82FBAA4E-843D-450A-A40D-95394DA184D6}
		{B2F1B8B7-24A9-49A6-A8E5-F3FA93F46204} = {82FBAA4E-843D-450A-A40D-95394DA184D6}
		{0776062B-0295-45E8-92CF-2CB240D0E7A2} = {82FBAA4E-843D-450A-A40D-95394DA184D6}
		{C8F4A095-DD11-4033-8B4B-F13796D9628D} = {9E2DB9BE-D26F-4A24-89D2-7D6B50D5BFCF}
		{CE484FF5-1633-40E1-ABAD-2E8DCFE351F8} = {302874C0-E1DF-4020-B3AE-3A42D3007F04}
	EndGlobalSection
	GlobalSection(ExtensibilityGlobals) = postSolution
		SolutionGuid = {0E155C8F-7834-45F5-8B1E-939925BBC453}
	EndGlobalSection
EndGlobal
